
Microsoft Visual Studio Solution File, Format Version 12.00
# Visual Studio 2012
Project("{F184B08F-C81C-45F6-A57F-5ABD9991F28F}") = "lirujin2003-1-1", "lirujin2003-1-1\lirujin2003-1-1.vbproj", "{CF917D63-9299-4BAF-BBD8-9BCA40471BA1}"
EndProject
Global
	GlobalSection(SolutionConfigurationPlatforms) = preSolution
		Debug|Any CPU = Debug|Any CPU
		Release|Any CPU = Release|Any CPU
	EndGlobalSection
	GlobalSection(ProjectConfigurationPlatforms) = postSolution
		{CF917D63-9299-4BAF-BBD8-9BCA40471BA1}.Debug|Any CPU.ActiveCfg = Debug|Any CPU
		{CF917D63-9299-4BAF-BBD8-9BCA40471BA1}.Debug|Any CPU.Build.0 = Debug|Any CPU
		{CF917D63-9299-4BAF-BBD8-9BCA40471BA1}.Release|Any CPU.ActiveCfg = Release|Any CPU
		{CF917D63-9299-4BAF-BBD8-9BCA40471BA1}.Release|Any CPU.Build.0 = Release|Any CPU
	EndGlobalSection
	GlobalSection(SolutionProperties) = preSolution
		HideSolutionNode = FALSE
	EndGlobalSection
EndGlobal
